
Microsoft Visual Studio Solution File, Format Version 12.00
# Visual Studio Version 16
VisualStudioVersion = 16.0.30128.74
MinimumVisualStudioVersion = 10.0.40219.1
Project("{FAE04EC0-301F-11D3-BF4B-00C04F79EFBC}") = "DirectoryZync", "DirectoryZync\DirectoryZync.csproj", "{5D22A15E-A5F8-4644-842A-2087D88ADD64}"
EndProject
Global
	GlobalSection(SolutionConfigurationPlatforms) = preSolution
		Debug|Any CPU = Debug|Any CPU
		Release|Any CPU = Release|Any CPU
	EndGlobalSection
	GlobalSection(ProjectConfigurationPlatforms) = postSolution
		{5D22A15E-A5F8-4644-842A-2087D88ADD64}.Debug|Any CPU.ActiveCfg = Debug|Any CPU
		{5D22A15E-A5F8-4644-842A-2087D88ADD64}.Debug|Any CPU.Build.0 = Debug|Any CPU
		{5D22A15E-A5F8-4644-842A-2087D88ADD64}.Release|Any CPU.ActiveCfg = Release|Any CPU
		{5D22A15E-A5F8-4644-842A-2087D88ADD64}.Release|Any CPU.Build.0 = Release|Any CPU
	EndGlobalSection
	GlobalSection(SolutionProperties) = preSolution
		HideSolutionNode = FALSE
	EndGlobalSection
	GlobalSection(ExtensibilityGlobals) = postSolution
		SolutionGuid = {0A7CAFF5-EE84-4185-A6DA-613B9466BD17}
	EndGlobalSection
EndGlobal
